{
    "name": "rcv",
    "requires": true,
    "lockfileVersion": 1,
    "dependencies": {
        "@types/node": {
            "version": "10.11.4",
            "resolved": "https://registry.npmjs.org/@types/node/-/node-10.11.4.tgz",
            "integrity": "sha512-ojnbBiKkZFYRfQpmtnnWTMw+rzGp/JiystjluW9jgN3VzRwilXddJ6aGQ9V/7iuDG06SBgn7ozW9k3zcAnYjYQ=="
        },
        "csv-parse": {
            "version": "4.4.6",
            "resolved": "https://registry.npmjs.org/csv-parse/-/csv-parse-4.4.6.tgz",
            "integrity": "sha512-VisC5TBBhOF+70zjrF9FOiqI2LZOhXK/vAWlOrqyqz3lLa+P8jzJ7L/sg90MHmkSY/brAXWwrmGSZR0tM5yi4g=="
        }
    }
}
