{
    "name": "rcv",
    "requires": true,
    "lockfileVersion": 1,
    "dependencies": {
        "@types/node": {
            "version": "10.11.4",
            "resolved": "https://registry.npmjs.org/@types/node/-/node-10.11.4.tgz",
            "integrity": "sha512-ojnbBiKkZFYRfQpmtnnWTMw+rzGp/JiystjluW9jgN3VzRwilXddJ6aGQ9V/7iuDG06SBgn7ozW9k3zcAnYjYQ=="
        },
        "csv-parse": {
            "version": "3.1.3",
            "resolved": "https://registry.npmjs.org/csv-parse/-/csv-parse-3.1.3.tgz",
            "integrity": "sha512-fs+nzn0lU+e7uZHkY/SvEYiRT3PCvb746csfl238iUXh1D+gzzN4crzgZ7gkVDutoPWYwfrFSQaSAulSeynTlg=="
        }
    }
}
